# @generated - this file is auto-generated by `mise lock` https://mise.jdx.dev/dev-tools/mise-lock.html

lockfile_version = 2

[[tools.node]]
version = "25.9.0"
backend = "core:node"
specifiers = ["25.9.0"]

[tools.node."platforms.linux-arm64"]
checksum = "sha256:8fb4283301b8c720fc9f18bffff0f659e72cc14d0cf207a3bb411808aaa73a57"
url = "https://nodejs.org/dist/v25.9.0/node-v25.9.0-linux-arm64.tar.gz"

[tools.node."platforms.linux-arm64-musl"]
checksum = "sha256:97f6fe125faa51f84a7bb600d0cd7aefcfaaa0e75a5f49a7c61c3df91d12d535"
url = "https://unofficial-builds.nodejs.org/download/release/v25.9.0/node-v25.9.0-linux-arm64-musl.tar.gz"

[tools.node."platforms.linux-x64"]
checksum = "sha256:134e55b2408448a219760fe04dc44d6851f9de8a79549021ffd870e9082d9e7b"
url = "https://nodejs.org/dist/v25.9.0/node-v25.9.0-linux-x64.tar.gz"

[tools.node."platforms.linux-x64-musl"]
checksum = "sha256:1ac44af012be6bc17f1e3723edbf12897c0baeae5d1dc75b9f97d71413e4c8f5"
url = "https://unofficial-builds.nodejs.org/download/release/v25.9.0/node-v25.9.0-linux-x64-musl.tar.gz"

[tools.node."platforms.macos-arm64"]
checksum = "sha256:e479f3c469d3d9303a44f00a8ea37a3788395d171bb8059c48a4bbbd2e371b59"
url = "https://nodejs.org/dist/v25.9.0/node-v25.9.0-darwin-arm64.tar.gz"

[tools.node."platforms.macos-x64"]
checksum = "sha256:7d737b53ce191142bfa1c17cfa5b070d96e84eebf76b8dd06d84981cbdc3f7e3"
url = "https://nodejs.org/dist/v25.9.0/node-v25.9.0-darwin-x64.tar.gz"

[tools.node."platforms.windows-x64"]
checksum = "sha256:929552b8305effac843ba7b4270c437aefb702fc3fbd73fcd1bffd35d4ac284e"
url = "https://nodejs.org/dist/v25.9.0/node-v25.9.0-win-x64.zip"

[[tools.pnpm]]
version = "12.6.0"
backend = "aqua:pnpm/pnpm"
specifiers = ["12.6.0"]

[tools.pnpm."platforms.linux-arm64"]
checksum = "sha256:973af2b3eb9509416cf889a7336705062c936407d5fda07298814e7532f5dea1"
url = "https://github.com/pnpm/pnpm/releases/download/v12.6.0/pnpm-linux-arm64.tar.gz"
url_api = "https://api.github.com/repos/pnpm/pnpm/releases/assets/581813240"
provenance = "github-attestations"

[tools.pnpm."platforms.linux-arm64-musl"]
checksum = "sha256:61e5a2b9aa8c1ebb73ea22203021531f88b8aff9499b68be03f695d9377928c1"
url = "https://github.com/pnpm/pnpm/releases/download/v12.6.0/pnpm-linux-arm64-musl.tar.gz"
url_api = "https://api.github.com/repos/pnpm/pnpm/releases/assets/581813242"
provenance = "github-attestations"

[tools.pnpm."platforms.linux-x64"]
checksum = "sha256:3f4c66f668d0e84219679982d095b30da68325e1fac9284e7f5dc1584bd3d13e"
url = "https://github.com/pnpm/pnpm/releases/download/v12.6.0/pnpm-linux-x64.tar.gz"
url_api = "https://api.github.com/repos/pnpm/pnpm/releases/assets/581813243"
provenance = "github-attestations"

[tools.pnpm."platforms.linux-x64-musl"]
checksum = "sha256:bf23d242a6c7a4d42b21bf1d93bff9d6a473cf8b6a7a990c6ed3094228513048"
url = "https://github.com/pnpm/pnpm/releases/download/v12.6.0/pnpm-linux-x64-musl.tar.gz"
url_api = "https://api.github.com/repos/pnpm/pnpm/releases/assets/581813234"
provenance = "github-attestations"

[tools.pnpm."platforms.macos-arm64"]
checksum = "sha256:1030f38e14fa2e6c87fe6ab0313a3bf3b794a961504f4439bad2ca2110d3583e"
url = "https://github.com/pnpm/pnpm/releases/download/v12.6.0/pnpm-darwin-arm64.tar.gz"
url_api = "https://api.github.com/repos/pnpm/pnpm/releases/assets/581813250"
provenance = "github-attestations"

[tools.pnpm."platforms.macos-x64"]
checksum = "sha256:baee033929fd76bdf0193ea35aad6efa7ac2931b96f2780328d244c70174306a"
url = "https://github.com/pnpm/pnpm/releases/download/v12.6.0/pnpm-darwin-x64.tar.gz"
url_api = "https://api.github.com/repos/pnpm/pnpm/releases/assets/581813241"
provenance = "github-attestations"

[tools.pnpm."platforms.windows-x64"]
checksum = "sha256:8152a1c9d14d38fb1cd98a211bcc48e4ae0c921ad918c52ffce19c222268f8b8"
url = "https://github.com/pnpm/pnpm/releases/download/v12.6.0/pnpm-win32-x64.zip"
url_api = "https://api.github.com/repos/pnpm/pnpm/releases/assets/581813237"
provenance = "github-attestations"
