dependencies:
- name: redis
  repository: https://charts.bitnami.com/bitnami
  version: 17.11.3
- name: postgresql
  repository: https://charts.bitnami.com/bitnami
  version: 12.8.2
digest: sha256:7b1f6f50fde0dc2ae7074a6a435889527c83d7142e08b62de3f5879871714ed0
generated: "2026-02-07T04:11:46.858577+09:00"
