dependencies:
- name: redis
  repository: https://charts.bitnami.com/bitnami
  version: 18.0.0
- name: postgresql
  repository: https://charts.bitnami.com/bitnami
  version: 13.0.0
digest: sha256:5d00d2de0f5c641754d9385da6e8643ab0ecfe537b0d852e97917e10320932a1
generated: "2026-02-07T10:07:03.856957+09:00"
